{
 "graph_lock": {
  "nodes": {
   "0": {
    "options": "ade:fPIC=True\nboost:addr2line_location=/usr/bin/addr2line\nboost:asio_no_deprecated=False\nboost:buildid=None\nboost:bzip2=True\nboost:debug_level=0\nboost:diagnostic_definitions=False\nboost:error_code_header_only=False\nboost:extra_b2_flags=None\nboost:fPIC=True\nboost:filesystem_no_deprecated=False\nboost:header_only=False\nboost:i18n_backend=deprecated\nboost:i18n_backend_iconv=libiconv\nboost:i18n_backend_icu=False\nboost:layout=system\nboost:lzma=False\nboost:magic_autolink=False\nboost:multithreading=True\nboost:namespace=boost\nboost:namespace_alias=False\nboost:numa=True\nboost:pch=True\nboost:python_executable=None\nboost:python_version=None\nboost:segmented_stacks=False\nboost:shared=False\nboost:system_no_deprecated=False\nboost:visibility=hidden\nboost:with_stacktrace_backtrace=True\nboost:without_atomic=False\nboost:without_chrono=False\nboost:without_container=False\nboost:without_context=False\nboost:without_contract=False\nboost:without_coroutine=False\nboost:without_date_time=False\nboost:without_exception=False\nboost:without_fiber=False\nboost:without_filesystem=False\nboost:without_graph=False\nboost:without_graph_parallel=True\nboost:without_iostreams=False\nboost:without_json=False\nboost:without_locale=False\nboost:without_log=False\nboost:without_math=False\nboost:without_mpi=True\nboost:without_nowide=False\nboost:without_program_options=False\nboost:without_python=True\nboost:without_random=False\nboost:without_regex=False\nboost:without_serialization=False\nboost:without_stacktrace=False\nboost:without_system=False\nboost:without_test=False\nboost:without_thread=False\nboost:without_timer=False\nboost:without_type_erasure=False\nboost:without_wave=False\nboost:zlib=True\nboost:zstd=False\nbzip2:build_executable=True\nbzip2:fPIC=True\nbzip2:shared=False\neigen:MPL2_only=False\ngtest:build_gmock=True\ngtest:fPIC=True\ngtest:hide_symbols=False\ngtest:no_main=False\ngtest:shared=False\njasper:fPIC=True\njasper:jpegturbo=deprecated\njasper:shared=False\njasper:with_libjpeg=libjpeg\njbig:build_executables=True\njbig:fPIC=True\njbig:shared=False\nlibbacktrace:fPIC=True\nlibbacktrace:shared=False\nlibdeflate:fPIC=True\nlibdeflate:shared=False\nlibiconv:fPIC=True\nlibiconv:shared=False\nlibjpeg:fPIC=True\nlibjpeg:shared=False\nlibpng:api_prefix=\nlibpng:fPIC=True\nlibpng:shared=False\nlibpng:sse=True\nlibtiff:cxx=True\nlibtiff:fPIC=True\nlibtiff:jbig=True\nlibtiff:jpeg=libjpeg\nlibtiff:libdeflate=True\nlibtiff:lzma=True\nlibtiff:shared=False\nlibtiff:webp=True\nlibtiff:zlib=True\nlibtiff:zstd=True\nlibwebp:fPIC=True\nlibwebp:near_lossless=True\nlibwebp:shared=False\nlibwebp:swap_16bit_csp=False\nlibwebp:with_simd=True\nnumcpp:threads=False\nnumcpp:with_boost=True\nopencv:contrib=False\nopencv:detect_cpu_baseline=False\nopencv:dnn=True\nopencv:fPIC=True\nopencv:nonfree=False\nopencv:parallel=False\nopencv:shared=False\nopencv:with_ade=True\nopencv:with_cuda=False\nopencv:with_eigen=True\nopencv:with_imgcodec_hdr=False\nopencv:with_imgcodec_pfm=False\nopencv:with_imgcodec_pxm=False\nopencv:with_imgcodec_sunraster=False\nopencv:with_jpeg=libjpeg\nopencv:with_jpeg2000=jasper\nopencv:with_openexr=True\nopencv:with_png=True\nopencv:with_quirc=True\nopencv:with_tiff=True\nopencv:with_webp=True\nopenexr:fPIC=True\nopenexr:shared=False\nprotobuf:fPIC=True\nprotobuf:lite=False\nprotobuf:shared=False\nprotobuf:with_rtti=True\nprotobuf:with_zlib=True\nquirc:fPIC=True\nquirc:max_regions=254\nquirc:shared=False\nxz_utils:fPIC=True\nxz_utils:shared=False\nzlib:fPIC=True\nzlib:minizip=deprecated\nzlib:shared=False\nzstd:fPIC=True\nzstd:shared=False",
    "requires": [
     "1",
     "2",
     "17",
     "22",
     "18"
    ],
    "path": "../conanfile.txt",
    "context": "host"
   },
   "1": {
    "ref": "eigen/3.4.0",
    "options": "MPL2_only=False",
    "package_id": "5ab84d6acfe1f23c4fae0ab88f26e3a396351ac9",
    "prev": "0",
    "context": "host"
   },
   "2": {
    "ref": "opencv/4.5.3",
    "options": "contrib=False\ndetect_cpu_baseline=False\ndnn=True\nfPIC=True\nnonfree=False\nparallel=False\nshared=False\nwith_ade=True\nwith_cuda=False\nwith_eigen=True\nwith_imgcodec_hdr=False\nwith_imgcodec_pfm=False\nwith_imgcodec_pxm=False\nwith_imgcodec_sunraster=False\nwith_jpeg=libjpeg\nwith_jpeg2000=jasper\nwith_openexr=True\nwith_png=True\nwith_quirc=True\nwith_tiff=True\nwith_webp=True\nade:fPIC=True\neigen:MPL2_only=False\njasper:fPIC=True\njasper:jpegturbo=deprecated\njasper:shared=False\njasper:with_libjpeg=libjpeg\njbig:build_executables=True\njbig:fPIC=True\njbig:shared=False\nlibdeflate:fPIC=True\nlibdeflate:shared=False\nlibjpeg:fPIC=True\nlibjpeg:shared=False\nlibpng:api_prefix=\nlibpng:fPIC=True\nlibpng:shared=False\nlibpng:sse=True\nlibtiff:cxx=True\nlibtiff:fPIC=True\nlibtiff:jbig=True\nlibtiff:jpeg=libjpeg\nlibtiff:libdeflate=True\nlibtiff:lzma=True\nlibtiff:shared=False\nlibtiff:webp=True\nlibtiff:zlib=True\nlibtiff:zstd=True\nlibwebp:fPIC=True\nlibwebp:near_lossless=True\nlibwebp:shared=False\nlibwebp:swap_16bit_csp=False\nlibwebp:with_simd=True\nopenexr:fPIC=True\nopenexr:shared=False\nprotobuf:fPIC=True\nprotobuf:lite=False\nprotobuf:shared=False\nprotobuf:with_rtti=True\nprotobuf:with_zlib=True\nquirc:fPIC=True\nquirc:max_regions=254\nquirc:shared=False\nxz_utils:fPIC=True\nxz_utils:shared=False\nzlib:fPIC=True\nzlib:minizip=deprecated\nzlib:shared=False\nzstd:fPIC=True\nzstd:shared=False",
    "package_id": "166e9c5d5bfd2a0ed98779e08af15f765d9cd925",
    "prev": "0",
    "requires": [
     "3",
     "4",
     "5",
     "6",
     "7",
     "8",
     "1",
     "13",
     "14",
     "15",
     "16"
    ],
    "context": "host"
   },
   "3": {
    "ref": "zlib/1.2.11",
    "options": "fPIC=True\nminizip=deprecated\nshared=False",
    "package_id": "5a40bf639b389c63ba1d847e246a06541fa354b3",
    "prev": "0",
    "context": "host"
   },
   "4": {
    "ref": "libjpeg/9d",
    "options": "fPIC=True\nshared=False",
    "package_id": "5a40bf639b389c63ba1d847e246a06541fa354b3",
    "prev": "0",
    "context": "host"
   },
   "5": {
    "ref": "jasper/2.0.32",
    "options": "fPIC=True\njpegturbo=deprecated\nshared=False\nwith_libjpeg=libjpeg\nlibjpeg:fPIC=True\nlibjpeg:shared=False",
    "package_id": "bb954fef514ceffa1ccfa25ba41bc3eb01df5107",
    "prev": "0",
    "requires": [
     "4"
    ],
    "context": "host"
   },
   "6": {
    "ref": "libpng/1.6.37",
    "options": "api_prefix=\nfPIC=True\nshared=False\nsse=True\nzlib:fPIC=True\nzlib:minizip=deprecated\nzlib:shared=False",
    "package_id": "666dcb272df2bafe7ec1eb5e1a70a65a1809685f",
    "prev": "0",
    "requires": [
     "3"
    ],
    "context": "host"
   },
   "7": {
    "ref": "openexr/2.5.7",
    "options": "fPIC=True\nshared=False\nzlib:fPIC=True\nzlib:minizip=deprecated\nzlib:shared=False",
    "package_id": "efbf074fc57f5e436cf3bf02ee8ed629f67c7561",
    "prev": "0",
    "requires": [
     "3"
    ],
    "context": "host"
   },
   "8": {
    "ref": "libtiff/4.3.0",
    "options": "cxx=True\nfPIC=True\njbig=True\njpeg=libjpeg\nlibdeflate=True\nlzma=True\nshared=False\nwebp=True\nzlib=True\nzstd=True\njbig:build_executables=True\njbig:fPIC=True\njbig:shared=False\nlibdeflate:fPIC=True\nlibdeflate:shared=False\nlibjpeg:fPIC=True\nlibjpeg:shared=False\nlibwebp:fPIC=True\nlibwebp:near_lossless=True\nlibwebp:shared=False\nlibwebp:swap_16bit_csp=False\nlibwebp:with_simd=True\nxz_utils:fPIC=True\nxz_utils:shared=False\nzlib:fPIC=True\nzlib:minizip=deprecated\nzlib:shared=False\nzstd:fPIC=True\nzstd:shared=False",
    "package_id": "9d5f518597c41b39e501b476fe1b12ab9bbdf651",
    "prev": "0",
    "requires": [
     "3",
     "9",
     "10",
     "4",
     "11",
     "12",
     "13"
    ],
    "context": "host"
   },
   "9": {
    "ref": "libdeflate/1.8",
    "options": "fPIC=True\nshared=False",
    "package_id": "5a40bf639b389c63ba1d847e246a06541fa354b3",
    "prev": "0",
    "context": "host"
   },
   "10": {
    "ref": "xz_utils/5.2.5",
    "options": "fPIC=True\nshared=False",
    "package_id": "5a40bf639b389c63ba1d847e246a06541fa354b3",
    "prev": "0",
    "context": "host"
   },
   "11": {
    "ref": "jbig/20160605",
    "options": "build_executables=True\nfPIC=True\nshared=False",
    "package_id": "00a978e4aada61929e3b349d557b27d166d20db4",
    "prev": "0",
    "context": "host"
   },
   "12": {
    "ref": "zstd/1.5.0",
    "options": "fPIC=True\nshared=False",
    "package_id": "5a40bf639b389c63ba1d847e246a06541fa354b3",
    "prev": "0",
    "context": "host"
   },
   "13": {
    "ref": "libwebp/1.2.0",
    "options": "fPIC=True\nnear_lossless=True\nshared=False\nswap_16bit_csp=False\nwith_simd=True",
    "package_id": "d052dc5a8c35287530fff763ce35c0d71a55fa69",
    "prev": "0",
    "context": "host"
   },
   "14": {
    "ref": "quirc/1.1",
    "options": "fPIC=True\nmax_regions=254\nshared=False",
    "package_id": "0910775a0523ef4b90ea85ccebe866075775b225",
    "prev": "0",
    "context": "host"
   },
   "15": {
    "ref": "protobuf/3.17.1",
    "options": "fPIC=True\nlite=False\nshared=False\nwith_rtti=True\nwith_zlib=True\nzlib:fPIC=True\nzlib:minizip=deprecated\nzlib:shared=False",
    "package_id": "779e2658b4750b78cf1fbfc2b89aca11a8c963ab",
    "prev": "0",
    "requires": [
     "3"
    ],
    "context": "host"
   },
   "16": {
    "ref": "ade/0.1.1f",
    "options": "fPIC=True",
    "package_id": "3a9095ac5f5f56b8615498e5e52c60cf68707ea2",
    "prev": "0",
    "context": "host"
   },
   "17": {
    "ref": "numcpp/2.6.2",
    "options": "threads=False\nwith_boost=True\nboost:addr2line_location=/usr/bin/addr2line\nboost:asio_no_deprecated=False\nboost:buildid=None\nboost:bzip2=True\nboost:debug_level=0\nboost:diagnostic_definitions=False\nboost:error_code_header_only=False\nboost:extra_b2_flags=None\nboost:fPIC=True\nboost:filesystem_no_deprecated=False\nboost:header_only=False\nboost:i18n_backend=deprecated\nboost:i18n_backend_iconv=libiconv\nboost:i18n_backend_icu=False\nboost:layout=system\nboost:lzma=False\nboost:magic_autolink=False\nboost:multithreading=True\nboost:namespace=boost\nboost:namespace_alias=False\nboost:numa=True\nboost:pch=True\nboost:python_executable=None\nboost:python_version=None\nboost:segmented_stacks=False\nboost:shared=False\nboost:system_no_deprecated=False\nboost:visibility=hidden\nboost:with_stacktrace_backtrace=True\nboost:without_atomic=False\nboost:without_chrono=False\nboost:without_container=False\nboost:without_context=False\nboost:without_contract=False\nboost:without_coroutine=False\nboost:without_date_time=False\nboost:without_exception=False\nboost:without_fiber=False\nboost:without_filesystem=False\nboost:without_graph=False\nboost:without_graph_parallel=True\nboost:without_iostreams=False\nboost:without_json=False\nboost:without_locale=False\nboost:without_log=False\nboost:without_math=False\nboost:without_mpi=True\nboost:without_nowide=False\nboost:without_program_options=False\nboost:without_python=True\nboost:without_random=False\nboost:without_regex=False\nboost:without_serialization=False\nboost:without_stacktrace=False\nboost:without_system=False\nboost:without_test=False\nboost:without_thread=False\nboost:without_timer=False\nboost:without_type_erasure=False\nboost:without_wave=False\nboost:zlib=True\nboost:zstd=False\nbzip2:build_executable=True\nbzip2:fPIC=True\nbzip2:shared=False\nlibbacktrace:fPIC=True\nlibbacktrace:shared=False\nlibiconv:fPIC=True\nlibiconv:shared=False\nzlib:fPIC=True\nzlib:minizip=deprecated\nzlib:shared=False",
    "package_id": "5ab84d6acfe1f23c4fae0ab88f26e3a396351ac9",
    "prev": "0",
    "requires": [
     "18"
    ],
    "context": "host"
   },
   "18": {
    "ref": "boost/1.77.0",
    "options": "addr2line_location=/usr/bin/addr2line\nasio_no_deprecated=False\nbuildid=None\nbzip2=True\ndebug_level=0\ndiagnostic_definitions=False\nerror_code_header_only=False\nextra_b2_flags=None\nfPIC=True\nfilesystem_no_deprecated=False\nheader_only=False\ni18n_backend=deprecated\ni18n_backend_iconv=libiconv\ni18n_backend_icu=False\nlayout=system\nlzma=False\nmagic_autolink=False\nmultithreading=True\nnamespace=boost\nnamespace_alias=False\nnuma=True\npch=True\npython_executable=None\npython_version=None\nsegmented_stacks=False\nshared=False\nsystem_no_deprecated=False\nvisibility=hidden\nwith_stacktrace_backtrace=True\nwithout_atomic=False\nwithout_chrono=False\nwithout_container=False\nwithout_context=False\nwithout_contract=False\nwithout_coroutine=False\nwithout_date_time=False\nwithout_exception=False\nwithout_fiber=False\nwithout_filesystem=False\nwithout_graph=False\nwithout_graph_parallel=True\nwithout_iostreams=False\nwithout_json=False\nwithout_locale=False\nwithout_log=False\nwithout_math=False\nwithout_mpi=True\nwithout_nowide=False\nwithout_program_options=False\nwithout_python=True\nwithout_random=False\nwithout_regex=False\nwithout_serialization=False\nwithout_stacktrace=False\nwithout_system=False\nwithout_test=False\nwithout_thread=False\nwithout_timer=False\nwithout_type_erasure=False\nwithout_wave=False\nzlib=True\nzstd=False\nbzip2:build_executable=True\nbzip2:fPIC=True\nbzip2:shared=False\nlibbacktrace:fPIC=True\nlibbacktrace:shared=False\nlibiconv:fPIC=True\nlibiconv:shared=False\nzlib:fPIC=True\nzlib:minizip=deprecated\nzlib:shared=False",
    "package_id": "344681cf2956030278384cead4a3e9ba34dcbbe5",
    "prev": "0",
    "requires": [
     "3",
     "19",
     "20",
     "21"
    ],
    "context": "host"
   },
   "19": {
    "ref": "bzip2/1.0.8",
    "options": "build_executable=True\nfPIC=True\nshared=False",
    "package_id": "32d80c30da7f50bb5d2ce3566259fe3ac848bd36",
    "prev": "0",
    "context": "host"
   },
   "20": {
    "ref": "libbacktrace/cci.20210118",
    "options": "fPIC=True\nshared=False",
    "package_id": "5a40bf639b389c63ba1d847e246a06541fa354b3",
    "prev": "0",
    "context": "host"
   },
   "21": {
    "ref": "libiconv/1.16",
    "options": "fPIC=True\nshared=False",
    "package_id": "5a40bf639b389c63ba1d847e246a06541fa354b3",
    "prev": "0",
    "context": "host"
   },
   "22": {
    "ref": "gtest/cci.20210126",
    "options": "build_gmock=True\nfPIC=True\nhide_symbols=False\nno_main=False\nshared=False",
    "package_id": "46bbc7d40bd1be8662116e9cb5970d0131978465",
    "prev": "0",
    "context": "host"
   }
  },
  "revisions_enabled": false
 },
 "version": "0.4",
 "profile_host": "[settings]\narch=x86_64\narch_build=x86_64\nbuild_type=Release\ncompiler=clang\ncompiler.cppstd=17\ncompiler.libcxx=libc++\ncompiler.version=13\nos=Macos\nos_build=Macos\n[options]\n[build_requires]\n[env]\n"
}